
Microsoft Visual Studio Solution File, Format Version 12.00
# Visual Studio Version 17
VisualStudioVersion = 17.3.32922.545
MinimumVisualStudioVersion = 10.0.40219.1
Project("{9A19103F-16F7-4668-BE54-9A1E7A4F7556}") = "1712A", "1712A\1712A.csproj", "{6467BEA8-B840-4E7B-B5CE-855758639FD3}"
EndProject
Project("{FAE04EC0-301F-11D3-BF4B-00C04F79EFBC}") = "1688B", "1688B\1688B.csproj", "{695DDF36-6333-40A4-9287-05318A56949D}"
EndProject
Project("{FAE04EC0-301F-11D3-BF4B-00C04F79EFBC}") = "1612A", "1612A\1612A.csproj", "{E6DC1C80-F5DD-4037-8C5C-7E13C0BE54F2}"
EndProject
Project("{FAE04EC0-301F-11D3-BF4B-00C04F79EFBC}") = "1585A", "1585A\1585A.csproj", "{25EC4259-376D-4AD4-B55B-ADA9AFF0A6B2}"
EndProject
Project("{FAE04EC0-301F-11D3-BF4B-00C04F79EFBC}") = "1686B", "1686B\1686B.csproj", "{D77E663A-8501-4CB6-94B0-81A80589EE96}"
EndProject
Project("{FAE04EC0-301F-11D3-BF4B-00C04F79EFBC}") = "38A", "38A\38A.csproj", "{28B4370A-D9E1-49A3-86B8-4744A282C8E4}"
EndProject
Project("{FAE04EC0-301F-11D3-BF4B-00C04F79EFBC}") = "1080A", "1080A\1080A.csproj", "{44F05D56-16BF-45BF-91F0-0F1C052C1C0E}"
EndProject
Project("{FAE04EC0-301F-11D3-BF4B-00C04F79EFBC}") = "1625A", "1625A\1625A.csproj", "{F82F7752-746C-4699-9890-AB1D16A92A37}"
EndProject
Project("{FAE04EC0-301F-11D3-BF4B-00C04F79EFBC}") = "1561A", "1561A\1561A.csproj", "{924B1FB3-5762-47B5-B0B7-75EB80C63726}"
EndProject
Project("{FAE04EC0-301F-11D3-BF4B-00C04F79EFBC}") = "1459A", "1459A\1459A.csproj", "{47201C03-915D-4E2D-9954-35FBE2A29D45}"
EndProject
Project("{FAE04EC0-301F-11D3-BF4B-00C04F79EFBC}") = "1270A", "1270A\1270A.csproj", "{979380CE-FEF2-479B-89D4-7ED4F610EDD7}"
EndProject
Project("{FAE04EC0-301F-11D3-BF4B-00C04F79EFBC}") = "262A", "262A\262A.csproj", "{856E0E61-1674-4D41-A46C-0D8DF1E2E19F}"
EndProject
Project("{FAE04EC0-301F-11D3-BF4B-00C04F79EFBC}") = "1255A", "1255A\1255A.csproj", "{00713CE5-640C-40D9-BAA7-1462491F60EB}"
EndProject
Project("{FAE04EC0-301F-11D3-BF4B-00C04F79EFBC}") = "1443A", "1443A\1443A.csproj", "{9FD2D316-FA44-4591-89F5-85E53D7C156A}"
EndProject
Project("{FAE04EC0-301F-11D3-BF4B-00C04F79EFBC}") = "1428A", "1428A\1428A.csproj", "{5C3D5B33-DD76-4878-8174-F86E39962F18}"
EndProject
Project("{FAE04EC0-301F-11D3-BF4B-00C04F79EFBC}") = "755A", "755A\755A.csproj", "{7B56DA2C-2F95-42E4-9693-F01715227EFE}"
EndProject
Project("{FAE04EC0-301F-11D3-BF4B-00C04F79EFBC}") = "1748A", "1748A\1748A.csproj", "{53693E28-C3FE-4F47-B067-09AEECA4EA98}"
EndProject
Project("{FAE04EC0-301F-11D3-BF4B-00C04F79EFBC}") = "22A", "22A\22A.csproj", "{669524ED-729D-4886-9C62-A7C4E19E7E40}"
EndProject
Project("{FAE04EC0-301F-11D3-BF4B-00C04F79EFBC}") = "850A", "850A\850A.csproj", "{08A54590-1588-4171-A9C1-B91616A5064F}"
EndProject
Project("{FAE04EC0-301F-11D3-BF4B-00C04F79EFBC}") = "1139A", "1139A\1139A.csproj", "{AE09BD33-83D1-467B-BC9E-40B1600282D8}"
EndProject
Project("{FAE04EC0-301F-11D3-BF4B-00C04F79EFBC}") = "1136A", "1136A\1136A.csproj", "{7396268F-793C-4DCD-ABE5-50A236B6DC49}"
EndProject
Global
	GlobalSection(SolutionConfigurationPlatforms) = preSolution
		Debug|Any CPU = Debug|Any CPU
		Release|Any CPU = Release|Any CPU
	EndGlobalSection
	GlobalSection(ProjectConfigurationPlatforms) = postSolution
		{6467BEA8-B840-4E7B-B5CE-855758639FD3}.Debug|Any CPU.ActiveCfg = Debug|Any CPU
		{6467BEA8-B840-4E7B-B5CE-855758639FD3}.Debug|Any CPU.Build.0 = Debug|Any CPU
		{6467BEA8-B840-4E7B-B5CE-855758639FD3}.Release|Any CPU.ActiveCfg = Release|Any CPU
		{6467BEA8-B840-4E7B-B5CE-855758639FD3}.Release|Any CPU.Build.0 = Release|Any CPU
		{695DDF36-6333-40A4-9287-05318A56949D}.Debug|Any CPU.ActiveCfg = Debug|Any CPU
		{695DDF36-6333-40A4-9287-05318A56949D}.Debug|Any CPU.Build.0 = Debug|Any CPU
		{695DDF36-6333-40A4-9287-05318A56949D}.Release|Any CPU.ActiveCfg = Release|Any CPU
		{695DDF36-6333-40A4-9287-05318A56949D}.Release|Any CPU.Build.0 = Release|Any CPU
		{E6DC1C80-F5DD-4037-8C5C-7E13C0BE54F2}.Debug|Any CPU.ActiveCfg = Debug|Any CPU
		{E6DC1C80-F5DD-4037-8C5C-7E13C0BE54F2}.Debug|Any CPU.Build.0 = Debug|Any CPU
		{E6DC1C80-F5DD-4037-8C5C-7E13C0BE54F2}.Release|Any CPU.ActiveCfg = Release|Any CPU
		{E6DC1C80-F5DD-4037-8C5C-7E13C0BE54F2}.Release|Any CPU.Build.0 = Release|Any CPU
		{25EC4259-376D-4AD4-B55B-ADA9AFF0A6B2}.Debug|Any CPU.ActiveCfg = Debug|Any CPU
		{25EC4259-376D-4AD4-B55B-ADA9AFF0A6B2}.Debug|Any CPU.Build.0 = Debug|Any CPU
		{25EC4259-376D-4AD4-B55B-ADA9AFF0A6B2}.Release|Any CPU.ActiveCfg = Release|Any CPU
		{25EC4259-376D-4AD4-B55B-ADA9AFF0A6B2}.Release|Any CPU.Build.0 = Release|Any CPU
		{D77E663A-8501-4CB6-94B0-81A80589EE96}.Debug|Any CPU.ActiveCfg = Debug|Any CPU
		{D77E663A-8501-4CB6-94B0-81A80589EE96}.Debug|Any CPU.Build.0 = Debug|Any CPU
		{D77E663A-8501-4CB6-94B0-81A80589EE96}.Release|Any CPU.ActiveCfg = Release|Any CPU
		{D77E663A-8501-4CB6-94B0-81A80589EE96}.Release|Any CPU.Build.0 = Release|Any CPU
		{28B4370A-D9E1-49A3-86B8-4744A282C8E4}.Debug|Any CPU.ActiveCfg = Debug|Any CPU
		{28B4370A-D9E1-49A3-86B8-4744A282C8E4}.Debug|Any CPU.Build.0 = Debug|Any CPU
		{28B4370A-D9E1-49A3-86B8-4744A282C8E4}.Release|Any CPU.ActiveCfg = Release|Any CPU
		{28B4370A-D9E1-49A3-86B8-4744A282C8E4}.Release|Any CPU.Build.0 = Release|Any CPU
		{44F05D56-16BF-45BF-91F0-0F1C052C1C0E}.Debug|Any CPU.ActiveCfg = Debug|Any CPU
		{44F05D56-16BF-45BF-91F0-0F1C052C1C0E}.Debug|Any CPU.Build.0 = Debug|Any CPU
		{44F05D56-16BF-45BF-91F0-0F1C052C1C0E}.Release|Any CPU.ActiveCfg = Release|Any CPU
		{44F05D56-16BF-45BF-91F0-0F1C052C1C0E}.Release|Any CPU.Build.0 = Release|Any CPU
		{F82F7752-746C-4699-9890-AB1D16A92A37}.Debug|Any CPU.ActiveCfg = Debug|Any CPU
		{F82F7752-746C-4699-9890-AB1D16A92A37}.Debug|Any CPU.Build.0 = Debug|Any CPU
		{F82F7752-746C-4699-9890-AB1D16A92A37}.Release|Any CPU.ActiveCfg = Release|Any CPU
		{F82F7752-746C-4699-9890-AB1D16A92A37}.Release|Any CPU.Build.0 = Release|Any CPU
		{924B1FB3-5762-47B5-B0B7-75EB80C63726}.Debug|Any CPU.ActiveCfg = Debug|Any CPU
		{924B1FB3-5762-47B5-B0B7-75EB80C63726}.Debug|Any CPU.Build.0 = Debug|Any CPU
		{924B1FB3-5762-47B5-B0B7-75EB80C63726}.Release|Any CPU.ActiveCfg = Release|Any CPU
		{924B1FB3-5762-47B5-B0B7-75EB80C63726}.Release|Any CPU.Build.0 = Release|Any CPU
		{47201C03-915D-4E2D-9954-35FBE2A29D45}.Debug|Any CPU.ActiveCfg = Debug|Any CPU
		{47201C03-915D-4E2D-9954-35FBE2A29D45}.Debug|Any CPU.Build.0 = Debug|Any CPU
		{47201C03-915D-4E2D-9954-35FBE2A29D45}.Release|Any CPU.ActiveCfg = Release|Any CPU
		{47201C03-915D-4E2D-9954-35FBE2A29D45}.Release|Any CPU.Build.0 = Release|Any CPU
		{979380CE-FEF2-479B-89D4-7ED4F610EDD7}.Debug|Any CPU.ActiveCfg = Debug|Any CPU
		{979380CE-FEF2-479B-89D4-7ED4F610EDD7}.Debug|Any CPU.Build.0 = Debug|Any CPU
		{979380CE-FEF2-479B-89D4-7ED4F610EDD7}.Release|Any CPU.ActiveCfg = Release|Any CPU
		{979380CE-FEF2-479B-89D4-7ED4F610EDD7}.Release|Any CPU.Build.0 = Release|Any CPU
		{856E0E61-1674-4D41-A46C-0D8DF1E2E19F}.Debug|Any CPU.ActiveCfg = Debug|Any CPU
		{856E0E61-1674-4D41-A46C-0D8DF1E2E19F}.Debug|Any CPU.Build.0 = Debug|Any CPU
		{856E0E61-1674-4D41-A46C-0D8DF1E2E19F}.Release|Any CPU.ActiveCfg = Release|Any CPU
		{856E0E61-1674-4D41-A46C-0D8DF1E2E19F}.Release|Any CPU.Build.0 = Release|Any CPU
		{00713CE5-640C-40D9-BAA7-1462491F60EB}.Debug|Any CPU.ActiveCfg = Debug|Any CPU
		{00713CE5-640C-40D9-BAA7-1462491F60EB}.Debug|Any CPU.Build.0 = Debug|Any CPU
		{00713CE5-640C-40D9-BAA7-1462491F60EB}.Release|Any CPU.ActiveCfg = Release|Any CPU
		{00713CE5-640C-40D9-BAA7-1462491F60EB}.Release|Any CPU.Build.0 = Release|Any CPU
		{9FD2D316-FA44-4591-89F5-85E53D7C156A}.Debug|Any CPU.ActiveCfg = Debug|Any CPU
		{9FD2D316-FA44-4591-89F5-85E53D7C156A}.Debug|Any CPU.Build.0 = Debug|Any CPU
		{9FD2D316-FA44-4591-89F5-85E53D7C156A}.Release|Any CPU.ActiveCfg = Release|Any CPU
		{9FD2D316-FA44-4591-89F5-85E53D7C156A}.Release|Any CPU.Build.0 = Release|Any CPU
		{5C3D5B33-DD76-4878-8174-F86E39962F18}.Debug|Any CPU.ActiveCfg = Debug|Any CPU
		{5C3D5B33-DD76-4878-8174-F86E39962F18}.Debug|Any CPU.Build.0 = Debug|Any CPU
		{5C3D5B33-DD76-4878-8174-F86E39962F18}.Release|Any CPU.ActiveCfg = Release|Any CPU
		{5C3D5B33-DD76-4878-8174-F86E39962F18}.Release|Any CPU.Build.0 = Release|Any CPU
		{7B56DA2C-2F95-42E4-9693-F01715227EFE}.Debug|Any CPU.ActiveCfg = Debug|Any CPU
		{7B56DA2C-2F95-42E4-9693-F01715227EFE}.Debug|Any CPU.Build.0 = Debug|Any CPU
		{7B56DA2C-2F95-42E4-9693-F01715227EFE}.Release|Any CPU.ActiveCfg = Release|Any CPU
		{7B56DA2C-2F95-42E4-9693-F01715227EFE}.Release|Any CPU.Build.0 = Release|Any CPU
		{53693E28-C3FE-4F47-B067-09AEECA4EA98}.Debug|Any CPU.ActiveCfg = Debug|Any CPU
		{53693E28-C3FE-4F47-B067-09AEECA4EA98}.Debug|Any CPU.Build.0 = Debug|Any CPU
		{53693E28-C3FE-4F47-B067-09AEECA4EA98}.Release|Any CPU.ActiveCfg = Release|Any CPU
		{53693E28-C3FE-4F47-B067-09AEECA4EA98}.Release|Any CPU.Build.0 = Release|Any CPU
		{669524ED-729D-4886-9C62-A7C4E19E7E40}.Debug|Any CPU.ActiveCfg = Debug|Any CPU
		{669524ED-729D-4886-9C62-A7C4E19E7E40}.Debug|Any CPU.Build.0 = Debug|Any CPU
		{669524ED-729D-4886-9C62-A7C4E19E7E40}.Release|Any CPU.ActiveCfg = Release|Any CPU
		{669524ED-729D-4886-9C62-A7C4E19E7E40}.Release|Any CPU.Build.0 = Release|Any CPU
		{08A54590-1588-4171-A9C1-B91616A5064F}.Debug|Any CPU.ActiveCfg = Debug|Any CPU
		{08A54590-1588-4171-A9C1-B91616A5064F}.Debug|Any CPU.Build.0 = Debug|Any CPU
		{08A54590-1588-4171-A9C1-B91616A5064F}.Release|Any CPU.ActiveCfg = Release|Any CPU
		{08A54590-1588-4171-A9C1-B91616A5064F}.Release|Any CPU.Build.0 = Release|Any CPU
		{AE09BD33-83D1-467B-BC9E-40B1600282D8}.Debug|Any CPU.ActiveCfg = Debug|Any CPU
		{AE09BD33-83D1-467B-BC9E-40B1600282D8}.Debug|Any CPU.Build.0 = Debug|Any CPU
		{AE09BD33-83D1-467B-BC9E-40B1600282D8}.Release|Any CPU.ActiveCfg = Release|Any CPU
		{AE09BD33-83D1-467B-BC9E-40B1600282D8}.Release|Any CPU.Build.0 = Release|Any CPU
		{7396268F-793C-4DCD-ABE5-50A236B6DC49}.Debug|Any CPU.ActiveCfg = Debug|Any CPU
		{7396268F-793C-4DCD-ABE5-50A236B6DC49}.Debug|Any CPU.Build.0 = Debug|Any CPU
		{7396268F-793C-4DCD-ABE5-50A236B6DC49}.Release|Any CPU.ActiveCfg = Release|Any CPU
		{7396268F-793C-4DCD-ABE5-50A236B6DC49}.Release|Any CPU.Build.0 = Release|Any CPU
	EndGlobalSection
	GlobalSection(SolutionProperties) = preSolution
		HideSolutionNode = FALSE
	EndGlobalSection
	GlobalSection(ExtensibilityGlobals) = postSolution
		SolutionGuid = {2238E5DE-DDF8-4A26-A675-003ADD23AAF2}
	EndGlobalSection
EndGlobal
